// !$*UTF8*$!
{
	archiveVersion = 1;
	classes = {
	};
	objectVersion = 55;
	objects = {

/* Begin PBXBuildFile section */
		21B9D1022745497B0075F4DD /* YokoyamaViewController.swift in Sources */ = {isa = PBXBuildFile; fileRef = 21B9D1012745497B0075F4DD /* YokoyamaViewController.swift */; };
		21B9D104274549880075F4DD /* Yokoyama.storyboard in Resources */ = {isa = PBXBuildFile; fileRef = 21B9D103274549880075F4DD /* Yokoyama.storyboard */; };
		A4C61904273BC79400EBF57A /* AppDelegate.swift in Sources */ = {isa = PBXBuildFile; fileRef = A4C61903273BC79400EBF57A /* AppDelegate.swift */; };
		A4C61906273BC79400EBF57A /* SceneDelegate.swift in Sources */ = {isa = PBXBuildFile; fileRef = A4C61905273BC79400EBF57A /* SceneDelegate.swift */; };
		A4C61908273BC79400EBF57A /* ViewController.swift in Sources */ = {isa = PBXBuildFile; fileRef = A4C61907273BC79400EBF57A /* ViewController.swift */; };
		A4C6190B273BC79400EBF57A /* Main.storyboard in Resources */ = {isa = PBXBuildFile; fileRef = A4C61909273BC79400EBF57A /* Main.storyboard */; };
		A4C6190D273BC79600EBF57A /* Assets.xcassets in Resources */ = {isa = PBXBuildFile; fileRef = A4C6190C273BC79600EBF57A /* Assets.xcassets */; };
		A4C61910273BC79600EBF57A /* LaunchScreen.storyboard in Resources */ = {isa = PBXBuildFile; fileRef = A4C6190E273BC79600EBF57A /* LaunchScreen.storyboard */; };
		E72569492740EF8900B3B8F2 /* Sakana.storyboard in Resources */ = {isa = PBXBuildFile; fileRef = E72569482740EF8900B3B8F2 /* Sakana.storyboard */; };
		E725694B2740EF9600B3B8F2 /* SakanaController.swift in Sources */ = {isa = PBXBuildFile; fileRef = E725694A2740EF9600B3B8F2 /* SakanaController.swift */; };
/* End PBXBuildFile section */

/* Begin PBXFileReference section */
		21B9D1012745497B0075F4DD /* YokoyamaViewController.swift */ = {isa = PBXFileReference; lastKnownFileType = sourcecode.swift; path = YokoyamaViewController.swift; sourceTree = "<group>"; };
		21B9D103274549880075F4DD /* Yokoyama.storyboard */ = {isa = PBXFileReference; lastKnownFileType = file.storyboard; path = Yokoyama.storyboard; sourceTree = "<group>"; };
		A4C61900273BC79400EBF57A /* PracticeApp.app */ = {isa = PBXFileReference; explicitFileType = wrapper.application; includeInIndex = 0; path = PracticeApp.app; sourceTree = BUILT_PRODUCTS_DIR; };
		A4C61903273BC79400EBF57A /* AppDelegate.swift */ = {isa = PBXFileReference; lastKnownFileType = sourcecode.swift; path = AppDelegate.swift; sourceTree = "<group>"; };
		A4C61905273BC79400EBF57A /* SceneDelegate.swift */ = {isa = PBXFileReference; lastKnownFileType = sourcecode.swift; path = SceneDelegate.swift; sourceTree = "<group>"; };
		A4C61907273BC79400EBF57A /* ViewController.swift */ = {isa = PBXFileReference; lastKnownFileType = sourcecode.swift; path = ViewController.swift; sourceTree = "<group>"; };
		A4C6190A273BC79400EBF57A /* Base */ = {isa = PBXFileReference; lastKnownFileType = file.storyboard; name = Base; path = Base.lproj/Main.storyboard; sourceTree = "<group>"; };
		A4C6190C273BC79600EBF57A /* Assets.xcassets */ = {isa = PBXFileReference; lastKnownFileType = folder.assetcatalog; path = Assets.xcassets; sourceTree = "<group>"; };
		A4C6190F273BC79600EBF57A /* Base */ = {isa = PBXFileReference; lastKnownFileType = file.storyboard; name = Base; path = Base.lproj/LaunchScreen.storyboard; sourceTree = "<group>"; };
		A4C61911273BC79600EBF57A /* Info.plist */ = {isa = PBXFileReference; lastKnownFileType = text.plist.xml; path = Info.plist; sourceTree = "<group>"; };
		E72569482740EF8900B3B8F2 /* Sakana.storyboard */ = {isa = PBXFileReference; lastKnownFileType = file.storyboard; path = Sakana.storyboard; sourceTree = "<group>"; };
		E725694A2740EF9600B3B8F2 /* SakanaController.swift */ = {isa = PBXFileReference; lastKnownFileType = sourcecode.swift; path = SakanaController.swift; sourceTree = "<group>"; };
/* End PBXFileReference section */

/* Begin PBXFrameworksBuildPhase section */
		A4C618FD273BC79400EBF57A /* Frameworks */ = {
			isa = PBXFrameworksBuildPhase;
			buildActionMask = 2147483647;
			files = (
			);
			runOnlyForDeploymentPostprocessing = 0;
		};
/* End PBXFrameworksBuildPhase section */

/* Begin PBXGroup section */
		A4C618F7273BC79400EBF57A = {
			isa = PBXGroup;
			children = (
				A4C61902273BC79400EBF57A /* PracticeApp */,
				A4C61901273BC79400EBF57A /* Products */,
			);
			sourceTree = "<group>";
		};
		A4C61901273BC79400EBF57A /* Products */ = {
			isa = PBXGroup;
			children = (
				A4C61900273BC79400EBF57A /* PracticeApp.app */,
			);
			name = Products;
			sourceTree = "<group>";
		};
		A4C61902273BC79400EBF57A /* PracticeApp */ = {
			isa = PBXGroup;
			children = (
				A4C61903273BC79400EBF57A /* AppDelegate.swift */,
				A4C61905273BC79400EBF57A /* SceneDelegate.swift */,
				A4C61918273BC7B300EBF57A /* Controller */,
				A4C61917273BC7AA00EBF57A /* View */,
				A4C6190C273BC79600EBF57A /* Assets.xcassets */,
				A4C6190E273BC79600EBF57A /* LaunchScreen.storyboard */,
				A4C61911273BC79600EBF57A /* Info.plist */,
			);
			path = PracticeApp;
			sourceTree = "<group>";
		};
		A4C61917273BC7AA00EBF57A /* View */ = {
			isa = PBXGroup;
			children = (
				A4C61909273BC79400EBF57A /* Main.storyboard */,
				E72569482740EF8900B3B8F2 /* Sakana.storyboard */,
				21B9D103274549880075F4DD /* Yokoyama.storyboard */,
			);
			path = View;
			sourceTree = "<group>";
		};
		A4C61918273BC7B300EBF57A /* Controller */ = {
			isa = PBXGroup;
			children = (
				A4C61907273BC79400EBF57A /* ViewController.swift */,
				E725694A2740EF9600B3B8F2 /* SakanaController.swift */,
				21B9D1012745497B0075F4DD /* YokoyamaViewController.swift */,
			);
			path = Controller;
			sourceTree = "<group>";
		};
/* End PBXGroup section */

/* Begin PBXNativeTarget section */
		A4C618FF273BC79400EBF57A /* PracticeApp */ = {
			isa = PBXNativeTarget;
			buildConfigurationList = A4C61914273BC79600EBF57A /* Build configuration list for PBXNativeTarget "PracticeApp" */;
			buildPhases = (
				A4C618FC273BC79400EBF57A /* Sources */,
				A4C618FD273BC79400EBF57A /* Frameworks */,
				A4C618FE273BC79400EBF57A /* Resources */,
			);
			buildRules = (
			);
			dependencies = (
			);
			name = PracticeApp;
			productName = PracticeApp;
			productReference = A4C61900273BC79400EBF57A /* PracticeApp.app */;
			productType = "com.apple.product-type.application";
		};
/* End PBXNativeTarget section */

/* Begin PBXProject section */
		A4C618F8273BC79400EBF57A /* Project object */ = {
			isa = PBXProject;
			attributes = {
				BuildIndependentTargetsInParallel = 1;
				LastSwiftUpdateCheck = 1300;
				LastUpgradeCheck = 1300;
				TargetAttributes = {
					A4C618FF273BC79400EBF57A = {
						CreatedOnToolsVersion = 13.0;
					};
				};
			};
			buildConfigurationList = A4C618FB273BC79400EBF57A /* Build configuration list for PBXProject "PracticeApp" */;
			compatibilityVersion = "Xcode 13.0";
			developmentRegion = en;
			hasScannedForEncodings = 0;
			knownRegions = (
				en,
				Base,
			);
			mainGroup = A4C618F7273BC79400EBF57A;
			productRefGroup = A4C61901273BC79400EBF57A /* Products */;
			projectDirPath = "";
			projectRoot = "";
			targets = (
				A4C618FF273BC79400EBF57A /* PracticeApp */,
			);
		};
/* End PBXProject section */

/* Begin PBXResourcesBuildPhase section */
		A4C618FE273BC79400EBF57A /* Resources */ = {
			isa = PBXResourcesBuildPhase;
			buildActionMask = 2147483647;
			files = (
				21B9D104274549880075F4DD /* Yokoyama.storyboard in Resources */,
				A4C61910273BC79600EBF57A /* LaunchScreen.storyboard in Resources */,
				A4C6190D273BC79600EBF57A /* Assets.xcassets in Resources */,
				A4C6190B273BC79400EBF57A /* Main.storyboard in Resources */,
				E72569492740EF8900B3B8F2 /* Sakana.storyboard in Resources */,
			);
			runOnlyForDeploymentPostprocessing = 0;
		};
/* End PBXResourcesBuildPhase section */

/* Begin PBXSourcesBuildPhase section */
		A4C618FC273BC79400EBF57A /* Sources */ = {
			isa = PBXSourcesBuildPhase;
			buildActionMask = 2147483647;
			files = (
				21B9D1022745497B0075F4DD /* YokoyamaViewController.swift in Sources */,
				E725694B2740EF9600B3B8F2 /* SakanaController.swift in Sources */,
				A4C61908273BC79400EBF57A /* ViewController.swift in Sources */,
				A4C61904273BC79400EBF57A /* AppDelegate.swift in Sources */,
				A4C61906273BC79400EBF57A /* SceneDelegate.swift in Sources */,
			);
			runOnlyForDeploymentPostprocessing = 0;
		};
/* End PBXSourcesBuildPhase section */

/* Begin PBXVariantGroup section */
		A4C61909273BC79400EBF57A /* Main.storyboard */ = {
			isa = PBXVariantGroup;
			children = (
				A4C6190A273BC79400EBF57A /* Base */,
			);
			name = Main.storyboard;
			sourceTree = "<group>";
		};
		A4C6190E273BC79600EBF57A /* LaunchScreen.storyboard */ = {
			isa = PBXVariantGroup;
			children = (
				A4C6190F273BC79600EBF57A /* Base */,
			);
			name = LaunchScreen.storyboard;
			sourceTree = "<group>";
		};
/* End PBXVariantGroup section */

/* Begin XCBuildConfiguration section */
		A4C61912273BC79600EBF57A /* Debug */ = {
			isa = XCBuildConfiguration;
			buildSettings = {
				ALWAYS_SEARCH_USER_PATHS = NO;
				CLANG_ANALYZER_NONNULL = YES;
				CLANG_ANALYZER_NUMBER_OBJECT_CONVERSION = YES_AGGRESSIVE;
				CLANG_CXX_LANGUAGE_STANDARD = "gnu++17";
				CLANG_CXX_LIBRARY = "libc++";
				CLANG_ENABLE_MODULES = YES;
				CLANG_ENABLE_OBJC_ARC = YES;
				CLANG_ENABLE_OBJC_WEAK = YES;
				CLANG_WARN_BLOCK_CAPTURE_AUTORELEASING = YES;
				CLANG_WARN_BOOL_CONVERSION = YES;
				CLANG_WARN_COMMA = YES;
				CLANG_WARN_CONSTANT_CONVERSION = YES;
				CLANG_WARN_DEPRECATED_OBJC_IMPLEMENTATIONS = YES;
				CLANG_WARN_DIRECT_OBJC_ISA_USAGE = YES_ERROR;
				CLANG_WARN_DOCUMENTATION_COMMENTS = YES;
				CLANG_WARN_EMPTY_BODY = YES;
				CLANG_WARN_ENUM_CONVERSION = YES;
				CLANG_WARN_INFINITE_RECURSION = YES;
				CLANG_WARN_INT_CONVERSION = YES;
				CLANG_WARN_NON_LITERAL_NULL_CONVERSION = YES;
				CLANG_WARN_OBJC_IMPLICIT_RETAIN_SELF = YES;
				CLANG_WARN_OBJC_LITERAL_CONVERSION = YES;
				CLANG_WARN_OBJC_ROOT_CLASS = YES_ERROR;
				CLANG_WARN_QUOTED_INCLUDE_IN_FRAMEWORK_HEADER = YES;
				CLANG_WARN_RANGE_LOOP_ANALYSIS = YES;
				CLANG_WARN_STRICT_PROTOTYPES = YES;
				CLANG_WARN_SUSPICIOUS_MOVE = YES;
				CLANG_WARN_UNGUARDED_AVAILABILITY = YES_AGGRESSIVE;
				CLANG_WARN_UNREACHABLE_CODE = YES;
				CLANG_WARN__DUPLICATE_METHOD_MATCH = YES;
				COPY_PHASE_STRIP = NO;
				DEBUG_INFORMATION_FORMAT = dwarf;
				ENABLE_STRICT_OBJC_MSGSEND = YES;
				ENABLE_TESTABILITY = YES;
				GCC_C_LANGUAGE_STANDARD = gnu11;
				GCC_DYNAMIC_NO_PIC = NO;
				GCC_NO_COMMON_BLOCKS = YES;
				GCC_OPTIMIZATION_LEVEL = 0;
				GCC_PREPROCESSOR_DEFINITIONS = (
					"DEBUG=1",
					"$(inherited)",
				);
				GCC_WARN_64_TO_32_BIT_CONVERSION = YES;
				GCC_WARN_ABOUT_RETURN_TYPE = YES_ERROR;
				GCC_WARN_UNDECLARED_SELECTOR = YES;
				GCC_WARN_UNINITIALIZED_AUTOS = YES_AGGRESSIVE;
				GCC_WARN_UNUSED_FUNCTION = YES;
				GCC_WARN_UNUSED_VARIABLE = YES;
				IPHONEOS_DEPLOYMENT_TARGET = 15.0;
				MTL_ENABLE_DEBUG_INFO = INCLUDE_SOURCE;
				MTL_FAST_MATH = YES;
				ONLY_ACTIVE_ARCH = YES;
				SDKROOT = iphoneos;
				SWIFT_ACTIVE_COMPILATION_CONDITIONS = DEBUG;
				SWIFT_OPTIMIZATION_LEVEL = "-Onone";
			};
			name = Debug;
		};
		A4C61913273BC79600EBF57A /* Release */ = {
			isa = XCBuildConfiguration;
			buildSettings = {
				ALWAYS_SEARCH_USER_PATHS = NO;
				CLANG_ANALYZER_NONNULL = YES;
				CLANG_ANALYZER_NUMBER_OBJECT_CONVERSION = YES_AGGRESSIVE;
				CLANG_CXX_LANGUAGE_STANDARD = "gnu++17";
				CLANG_CXX_LIBRARY = "libc++";
				CLANG_ENABLE_MODULES = YES;
				CLANG_ENABLE_OBJC_ARC = YES;
				CLANG_ENABLE_OBJC_WEAK = YES;
				CLANG_WARN_BLOCK_CAPTURE_AUTORELEASING = YES;
				CLANG_WARN_BOOL_CONVERSION = YES;
				CLANG_WARN_COMMA = YES;
				CLANG_WARN_CONSTANT_CONVERSION = YES;
				CLANG_WARN_DEPRECATED_OBJC_IMPLEMENTATIONS = YES;
				CLANG_WARN_DIRECT_OBJC_ISA_USAGE = YES_ERROR;
				CLANG_WARN_DOCUMENTATION_COMMENTS = YES;
				CLANG_WARN_EMPTY_BODY = YES;
				CLANG_WARN_ENUM_CONVERSION = YES;
				CLANG_WARN_INFINITE_RECURSION = YES;
				CLANG_WARN_INT_CONVERSION = YES;
				CLANG_WARN_NON_LITERAL_NULL_CONVERSION = YES;
				CLANG_WARN_OBJC_IMPLICIT_RETAIN_SELF = YES;
				CLANG_WARN_OBJC_LITERAL_CONVERSION = YES;
				CLANG_WARN_OBJC_ROOT_CLASS = YES_ERROR;
				CLANG_WARN_QUOTED_INCLUDE_IN_FRAMEWORK_HEADER = YES;
				CLANG_WARN_RANGE_LOOP_ANALYSIS = YES;
				CLANG_WARN_STRICT_PROTOTYPES = YES;
				CLANG_WARN_SUSPICIOUS_MOVE = YES;
				CLANG_WARN_UNGUARDED_AVAILABILITY = YES_AGGRESSIVE;
				CLANG_WARN_UNREACHABLE_CODE = YES;
				CLANG_WARN__DUPLICATE_METHOD_MATCH = YES;
				COPY_PHASE_STRIP = NO;
				DEBUG_INFORMATION_FORMAT = "dwarf-with-dsym";
				ENABLE_NS_ASSERTIONS = NO;
				ENABLE_STRICT_OBJC_MSGSEND = YES;
				GCC_C_LANGUAGE_STANDARD = gnu11;
				GCC_NO_COMMON_BLOCKS = YES;
				GCC_WARN_64_TO_32_BIT_CONVERSION = YES;
				GCC_WARN_ABOUT_RETURN_TYPE = YES_ERROR;
				GCC_WARN_UNDECLARED_SELECTOR = YES;
				GCC_WARN_UNINITIALIZED_AUTOS = YES_AGGRESSIVE;
				GCC_WARN_UNUSED_FUNCTION = YES;
				GCC_WARN_UNUSED_VARIABLE = YES;
				IPHONEOS_DEPLOYMENT_TARGET = 15.0;
				MTL_ENABLE_DEBUG_INFO = NO;
				MTL_FAST_MATH = YES;
				SDKROOT = iphoneos;
				SWIFT_COMPILATION_MODE = wholemodule;
				SWIFT_OPTIMIZATION_LEVEL = "-O";
				VALIDATE_PRODUCT = YES;
			};
			name = Release;
		};
		A4C61915273BC79600EBF57A /* Debug */ = {
			isa = XCBuildConfiguration;
			buildSettings = {
				ASSETCATALOG_COMPILER_APPICON_NAME = AppIcon;
				ASSETCATALOG_COMPILER_GLOBAL_ACCENT_COLOR_NAME = AccentColor;
				CODE_SIGN_STYLE = Automatic;
				CURRENT_PROJECT_VERSION = 1;
				DEVELOPMENT_TEAM = GM6JZ3P6VD;
				GENERATE_INFOPLIST_FILE = YES;
				INFOPLIST_FILE = PracticeApp/Info.plist;
				INFOPLIST_KEY_UIApplicationSupportsIndirectInputEvents = YES;
				INFOPLIST_KEY_UILaunchStoryboardName = LaunchScreen;
				INFOPLIST_KEY_UIMainStoryboardFile = Main;
				INFOPLIST_KEY_UISupportedInterfaceOrientations = UIInterfaceOrientationPortrait;
				INFOPLIST_KEY_UISupportedInterfaceOrientations_iPad = "UIInterfaceOrientationPortrait UIInterfaceOrientationPortraitUpsideDown UIInterfaceOrientationLandscapeLeft UIInterfaceOrientationLandscapeRight";
				INFOPLIST_KEY_UISupportedInterfaceOrientations_iPhone = "UIInterfaceOrientationPortrait UIInterfaceOrientationLandscapeLeft UIInterfaceOrientationLandscapeRight";
				LD_RUNPATH_SEARCH_PATHS = (
					"$(inherited)",
					"@executable_path/Frameworks",
				);
				MARKETING_VERSION = 1.0;
				PRODUCT_BUNDLE_IDENTIFIER = com.yutaudemy.PracticeApp;
				PRODUCT_NAME = "$(TARGET_NAME)";
				SWIFT_EMIT_LOC_STRINGS = YES;
				SWIFT_VERSION = 5.0;
				TARGETED_DEVICE_FAMILY = 1;
			};
			name = Debug;
		};
		A4C61916273BC79600EBF57A /* Release */ = {
			isa = XCBuildConfiguration;
			buildSettings = {
				ASSETCATALOG_COMPILER_APPICON_NAME = AppIcon;
				ASSETCATALOG_COMPILER_GLOBAL_ACCENT_COLOR_NAME = AccentColor;
				CODE_SIGN_STYLE = Automatic;
				CURRENT_PROJECT_VERSION = 1;
				DEVELOPMENT_TEAM = GM6JZ3P6VD;
				GENERATE_INFOPLIST_FILE = YES;
				INFOPLIST_FILE = PracticeApp/Info.plist;
				INFOPLIST_KEY_UIApplicationSupportsIndirectInputEvents = YES;
				INFOPLIST_KEY_UILaunchStoryboardName = LaunchScreen;
				INFOPLIST_KEY_UIMainStoryboardFile = Main;
				INFOPLIST_KEY_UISupportedInterfaceOrientations = UIInterfaceOrientationPortrait;
				INFOPLIST_KEY_UISupportedInterfaceOrientations_iPad = "UIInterfaceOrientationPortrait UIInterfaceOrientationPortraitUpsideDown UIInterfaceOrientationLandscapeLeft UIInterfaceOrientationLandscapeRight";
				INFOPLIST_KEY_UISupportedInterfaceOrientations_iPhone = "UIInterfaceOrientationPortrait UIInterfaceOrientationLandscapeLeft UIInterfaceOrientationLandscapeRight";
				LD_RUNPATH_SEARCH_PATHS = (
					"$(inherited)",
					"@executable_path/Frameworks",
				);
				MARKETING_VERSION = 1.0;
				PRODUCT_BUNDLE_IDENTIFIER = com.yutaudemy.PracticeApp;
				PRODUCT_NAME = "$(TARGET_NAME)";
				SWIFT_EMIT_LOC_STRINGS = YES;
				SWIFT_VERSION = 5.0;
				TARGETED_DEVICE_FAMILY = 1;
			};
			name = Release;
		};
/* End XCBuildConfiguration section */

/* Begin XCConfigurationList section */
		A4C618FB273BC79400EBF57A /* Build configuration list for PBXProject "PracticeApp" */ = {
			isa = XCConfigurationList;
			buildConfigurations = (
				A4C61912273BC79600EBF57A /* Debug */,
				A4C61913273BC79600EBF57A /* Release */,
			);
			defaultConfigurationIsVisible = 0;
			defaultConfigurationName = Release;
		};
		A4C61914273BC79600EBF57A /* Build configuration list for PBXNativeTarget "PracticeApp" */ = {
			isa = XCConfigurationList;
			buildConfigurations = (
				A4C61915273BC79600EBF57A /* Debug */,
				A4C61916273BC79600EBF57A /* Release */,
			);
			defaultConfigurationIsVisible = 0;
			defaultConfigurationName = Release;
		};
/* End XCConfigurationList section */
	};
	rootObject = A4C618F8273BC79400EBF57A /* Project object */;
}
